// !$*UTF8*$!
{
	archiveVersion = 1;
	classes = {
	};
	objectVersion = 50;
	objects = {

/* Begin PBXBuildFile section */
		532CF77F999AEBF04932A7B5 /* Pods_GameOFChats.framework in Frameworks */ = {isa = PBXBuildFile; fileRef = D00BAF7FF748D28A25602BFE /* Pods_GameOFChats.framework */; };
		B4AE4AC020D8636D00084C64 /* Dataservice.swift in Sources */ = {isa = PBXBuildFile; fileRef = B4AE4ABF20D8636D00084C64 /* Dataservice.swift */; };
		B4BA72E220D868850016619F /* Constants.swift in Sources */ = {isa = PBXBuildFile; fileRef = B4BA72E120D868850016619F /* Constants.swift */; };
		B4C57FDB20D7386000FB90B9 /* AppDelegate.swift in Sources */ = {isa = PBXBuildFile; fileRef = B4C57FDA20D7386000FB90B9 /* AppDelegate.swift */; };
		B4C57FDD20D7386000FB90B9 /* ViewController.swift in Sources */ = {isa = PBXBuildFile; fileRef = B4C57FDC20D7386000FB90B9 /* ViewController.swift */; };
		B4C57FE020D7386000FB90B9 /* Main.storyboard in Resources */ = {isa = PBXBuildFile; fileRef = B4C57FDE20D7386000FB90B9 /* Main.storyboard */; };
		B4C57FE220D7386100FB90B9 /* Assets.xcassets in Resources */ = {isa = PBXBuildFile; fileRef = B4C57FE120D7386100FB90B9 /* Assets.xcassets */; };
		B4C57FE520D7386100FB90B9 /* LaunchScreen.storyboard in Resources */ = {isa = PBXBuildFile; fileRef = B4C57FE320D7386100FB90B9 /* LaunchScreen.storyboard */; };
		B4C57FED20D73C2200FB90B9 /* LoginController.swift in Sources */ = {isa = PBXBuildFile; fileRef = B4C57FEC20D73C2200FB90B9 /* LoginController.swift */; };
		B4D1594320D859DE00E18E9A /* GoogleService-Info.plist in Resources */ = {isa = PBXBuildFile; fileRef = B4D1594220D859DD00E18E9A /* GoogleService-Info.plist */; };
/* End PBXBuildFile section */

/* Begin PBXFileReference section */
		14F6AA964CF0A11635F29999 /* Pods-GameOFChats.debug.xcconfig */ = {isa = PBXFileReference; includeInIndex = 1; lastKnownFileType = text.xcconfig; name = "Pods-GameOFChats.debug.xcconfig"; path = "Pods/Target Support Files/Pods-GameOFChats/Pods-GameOFChats.debug.xcconfig"; sourceTree = "<group>"; };
		64DAB237DDD2B6F52A7BFBAF /* Pods-GameOFChats.release.xcconfig */ = {isa = PBXFileReference; includeInIndex = 1; lastKnownFileType = text.xcconfig; name = "Pods-GameOFChats.release.xcconfig"; path = "Pods/Target Support Files/Pods-GameOFChats/Pods-GameOFChats.release.xcconfig"; sourceTree = "<group>"; };
		B4AE4ABF20D8636D00084C64 /* Dataservice.swift */ = {isa = PBXFileReference; lastKnownFileType = sourcecode.swift; path = Dataservice.swift; sourceTree = "<group>"; };
		B4BA72E120D868850016619F /* Constants.swift */ = {isa = PBXFileReference; lastKnownFileType = sourcecode.swift; path = Constants.swift; sourceTree = "<group>"; };
		B4C57FD720D7386000FB90B9 /* GameOFChats.app */ = {isa = PBXFileReference; explicitFileType = wrapper.application; includeInIndex = 0; path = GameOFChats.app; sourceTree = BUILT_PRODUCTS_DIR; };
		B4C57FDA20D7386000FB90B9 /* AppDelegate.swift */ = {isa = PBXFileReference; lastKnownFileType = sourcecode.swift; path = AppDelegate.swift; sourceTree = "<group>"; };
		B4C57FDC20D7386000FB90B9 /* ViewController.swift */ = {isa = PBXFileReference; lastKnownFileType = sourcecode.swift; path = ViewController.swift; sourceTree = "<group>"; };
		B4C57FDF20D7386000FB90B9 /* Base */ = {isa = PBXFileReference; lastKnownFileType = file.storyboard; name = Base; path = Base.lproj/Main.storyboard; sourceTree = "<group>"; };
		B4C57FE120D7386100FB90B9 /* Assets.xcassets */ = {isa = PBXFileReference; lastKnownFileType = folder.assetcatalog; path = Assets.xcassets; sourceTree = "<group>"; };
		B4C57FE420D7386100FB90B9 /* Base */ = {isa = PBXFileReference; lastKnownFileType = file.storyboard; name = Base; path = Base.lproj/LaunchScreen.storyboard; sourceTree = "<group>"; };
		B4C57FE620D7386100FB90B9 /* Info.plist */ = {isa = PBXFileReference; lastKnownFileType = text.plist.xml; path = Info.plist; sourceTree = "<group>"; };
		B4C57FEC20D73C2200FB90B9 /* LoginController.swift */ = {isa = PBXFileReference; lastKnownFileType = sourcecode.swift; path = LoginController.swift; sourceTree = "<group>"; };
		B4D1594220D859DD00E18E9A /* GoogleService-Info.plist */ = {isa = PBXFileReference; fileEncoding = 4; lastKnownFileType = text.plist.xml; path = "GoogleService-Info.plist"; sourceTree = "<group>"; };
		D00BAF7FF748D28A25602BFE /* Pods_GameOFChats.framework */ = {isa = PBXFileReference; explicitFileType = wrapper.framework; includeInIndex = 0; path = Pods_GameOFChats.framework; sourceTree = BUILT_PRODUCTS_DIR; };
/* End PBXFileReference section */

/* Begin PBXFrameworksBuildPhase section */
		B4C57FD420D7386000FB90B9 /* Frameworks */ = {
			isa = PBXFrameworksBuildPhase;
			buildActionMask = 2147483647;
			files = (
				532CF77F999AEBF04932A7B5 /* Pods_GameOFChats.framework in Frameworks */,
			);
			runOnlyForDeploymentPostprocessing = 0;
		};
/* End PBXFrameworksBuildPhase section */

/* Begin PBXGroup section */
		12FB31B2A15F43A533111854 /* Frameworks */ = {
			isa = PBXGroup;
			children = (
				D00BAF7FF748D28A25602BFE /* Pods_GameOFChats.framework */,
			);
			name = Frameworks;
			sourceTree = "<group>";
		};
		A85A65029BF7A1EC10A54AB3 /* Pods */ = {
			isa = PBXGroup;
			children = (
				14F6AA964CF0A11635F29999 /* Pods-GameOFChats.debug.xcconfig */,
				64DAB237DDD2B6F52A7BFBAF /* Pods-GameOFChats.release.xcconfig */,
			);
			name = Pods;
			sourceTree = "<group>";
		};
		B4AE4ABE20D8635700084C64 /* Services */ = {
			isa = PBXGroup;
			children = (
				B4AE4ABF20D8636D00084C64 /* Dataservice.swift */,
				B4BA72E120D868850016619F /* Constants.swift */,
			);
			path = Services;
			sourceTree = "<group>";
		};
		B4C57FCE20D7386000FB90B9 = {
			isa = PBXGroup;
			children = (
				B4C57FD920D7386000FB90B9 /* GameOFChats */,
				B4C57FD820D7386000FB90B9 /* Products */,
				A85A65029BF7A1EC10A54AB3 /* Pods */,
				12FB31B2A15F43A533111854 /* Frameworks */,
			);
			sourceTree = "<group>";
		};
		B4C57FD820D7386000FB90B9 /* Products */ = {
			isa = PBXGroup;
			children = (
				B4C57FD720D7386000FB90B9 /* GameOFChats.app */,
			);
			name = Products;
			sourceTree = "<group>";
		};
		B4C57FD920D7386000FB90B9 /* GameOFChats */ = {
			isa = PBXGroup;
			children = (
				B4AE4ABE20D8635700084C64 /* Services */,
				B4C57FEE20D73C2E00FB90B9 /* controller */,
				B4C57FDA20D7386000FB90B9 /* AppDelegate.swift */,
				B4C57FDE20D7386000FB90B9 /* Main.storyboard */,
				B4C57FE120D7386100FB90B9 /* Assets.xcassets */,
				B4C57FE320D7386100FB90B9 /* LaunchScreen.storyboard */,
				B4D1594220D859DD00E18E9A /* GoogleService-Info.plist */,
				B4C57FE620D7386100FB90B9 /* Info.plist */,
			);
			path = GameOFChats;
			sourceTree = "<group>";
		};
		B4C57FEE20D73C2E00FB90B9 /* controller */ = {
			isa = PBXGroup;
			children = (
				B4C57FDC20D7386000FB90B9 /* ViewController.swift */,
				B4C57FEC20D73C2200FB90B9 /* LoginController.swift */,
			);
			path = controller;
			sourceTree = "<group>";
		};
/* End PBXGroup section */

/* Begin PBXNativeTarget section */
		B4C57FD620D7386000FB90B9 /* GameOFChats */ = {
			isa = PBXNativeTarget;
			buildConfigurationList = B4C57FE920D7386100FB90B9 /* Build configuration list for PBXNativeTarget "GameOFChats" */;
			buildPhases = (
				35F3EA9E3FDBBFF5073A14E1 /* [CP] Check Pods Manifest.lock */,
				B4C57FD320D7386000FB90B9 /* Sources */,
				B4C57FD420D7386000FB90B9 /* Frameworks */,
				B4C57FD520D7386000FB90B9 /* Resources */,
				B047534E355652764111C916 /* [CP] Embed Pods Frameworks */,
			);
			buildRules = (
			);
			dependencies = (
			);
			name = GameOFChats;
			productName = GameOFChats;
			productReference = B4C57FD720D7386000FB90B9 /* GameOFChats.app */;
			productType = "com.apple.product-type.application";
		};
/* End PBXNativeTarget section */

/* Begin PBXProject section */
		B4C57FCF20D7386000FB90B9 /* Project object */ = {
			isa = PBXProject;
			attributes = {
				LastSwiftUpdateCheck = 0930;
				LastUpgradeCheck = 0930;
				ORGANIZATIONNAME = "Berkat Bhatti ";
				TargetAttributes = {
					B4C57FD620D7386000FB90B9 = {
						CreatedOnToolsVersion = 9.3.1;
					};
				};
			};
			buildConfigurationList = B4C57FD220D7386000FB90B9 /* Build configuration list for PBXProject "GameOFChats" */;
			compatibilityVersion = "Xcode 9.3";
			developmentRegion = en;
			hasScannedForEncodings = 0;
			knownRegions = (
				en,
				Base,
			);
			mainGroup = B4C57FCE20D7386000FB90B9;
			productRefGroup = B4C57FD820D7386000FB90B9 /* Products */;
			projectDirPath = "";
			projectRoot = "";
			targets = (
				B4C57FD620D7386000FB90B9 /* GameOFChats */,
			);
		};
/* End PBXProject section */

/* Begin PBXResourcesBuildPhase section */
		B4C57FD520D7386000FB90B9 /* Resources */ = {
			isa = PBXResourcesBuildPhase;
			buildActionMask = 2147483647;
			files = (
				B4C57FE520D7386100FB90B9 /* LaunchScreen.storyboard in Resources */,
				B4D1594320D859DE00E18E9A /* GoogleService-Info.plist in Resources */,
				B4C57FE220D7386100FB90B9 /* Assets.xcassets in Resources */,
				B4C57FE020D7386000FB90B9 /* Main.storyboard in Resources */,
			);
			runOnlyForDeploymentPostprocessing = 0;
		};
/* End PBXResourcesBuildPhase section */

/* Begin PBXShellScriptBuildPhase section */
		35F3EA9E3FDBBFF5073A14E1 /* [CP] Check Pods Manifest.lock */ = {
			isa = PBXShellScriptBuildPhase;
			buildActionMask = 2147483647;
			files = (
			);
			inputPaths = (
				"${PODS_PODFILE_DIR_PATH}/Podfile.lock",
				"${PODS_ROOT}/Manifest.lock",
			);
			name = "[CP] Check Pods Manifest.lock";
			outputPaths = (
				"$(DERIVED_FILE_DIR)/Pods-GameOFChats-checkManifestLockResult.txt",
			);
			runOnlyForDeploymentPostprocessing = 0;
			shellPath = /bin/sh;
			shellScript = "diff \"${PODS_PODFILE_DIR_PATH}/Podfile.lock\" \"${PODS_ROOT}/Manifest.lock\" > /dev/null\nif [ $? != 0 ] ; then\n    # print error to STDERR\n    echo \"error: The sandbox is not in sync with the Podfile.lock. Run 'pod install' or update your CocoaPods installation.\" >&2\n    exit 1\nfi\n# This output is used by Xcode 'outputs' to avoid re-running this script phase.\necho \"SUCCESS\" > \"${SCRIPT_OUTPUT_FILE_0}\"\n";
			showEnvVarsInLog = 0;
		};
		B047534E355652764111C916 /* [CP] Embed Pods Frameworks */ = {
			isa = PBXShellScriptBuildPhase;
			buildActionMask = 2147483647;
			files = (
			);
			inputPaths = (
				"${SRCROOT}/Pods/Target Support Files/Pods-GameOFChats/Pods-GameOFChats-frameworks.sh",
				"${BUILT_PRODUCTS_DIR}/GTMSessionFetcher/GTMSessionFetcher.framework",
				"${BUILT_PRODUCTS_DIR}/GoogleToolboxForMac/GoogleToolboxForMac.framework",
				"${BUILT_PRODUCTS_DIR}/leveldb-library/leveldb.framework",
				"${BUILT_PRODUCTS_DIR}/nanopb/nanopb.framework",
			);
			name = "[CP] Embed Pods Frameworks";
			outputPaths = (
				"${TARGET_BUILD_DIR}/${FRAMEWORKS_FOLDER_PATH}/GTMSessionFetcher.framework",
				"${TARGET_BUILD_DIR}/${FRAMEWORKS_FOLDER_PATH}/GoogleToolboxForMac.framework",
				"${TARGET_BUILD_DIR}/${FRAMEWORKS_FOLDER_PATH}/leveldb.framework",
				"${TARGET_BUILD_DIR}/${FRAMEWORKS_FOLDER_PATH}/nanopb.framework",
			);
			runOnlyForDeploymentPostprocessing = 0;
			shellPath = /bin/sh;
			shellScript = "\"${SRCROOT}/Pods/Target Support Files/Pods-GameOFChats/Pods-GameOFChats-frameworks.sh\"\n";
			showEnvVarsInLog = 0;
		};
/* End PBXShellScriptBuildPhase section */

/* Begin PBXSourcesBuildPhase section */
		B4C57FD320D7386000FB90B9 /* Sources */ = {
			isa = PBXSourcesBuildPhase;
			buildActionMask = 2147483647;
			files = (
				B4BA72E220D868850016619F /* Constants.swift in Sources */,
				B4C57FDD20D7386000FB90B9 /* ViewController.swift in Sources */,
				B4C57FED20D73C2200FB90B9 /* LoginController.swift in Sources */,
				B4C57FDB20D7386000FB90B9 /* AppDelegate.swift in Sources */,
				B4AE4AC020D8636D00084C64 /* Dataservice.swift in Sources */,
			);
			runOnlyForDeploymentPostprocessing = 0;
		};
/* End PBXSourcesBuildPhase section */

/* Begin PBXVariantGroup section */
		B4C57FDE20D7386000FB90B9 /* Main.storyboard */ = {
			isa = PBXVariantGroup;
			children = (
				B4C57FDF20D7386000FB90B9 /* Base */,
			);
			name = Main.storyboard;
			sourceTree = "<group>";
		};
		B4C57FE320D7386100FB90B9 /* LaunchScreen.storyboard */ = {
			isa = PBXVariantGroup;
			children = (
				B4C57FE420D7386100FB90B9 /* Base */,
			);
			name = LaunchScreen.storyboard;
			sourceTree = "<group>";
		};
/* End PBXVariantGroup section */

/* Begin XCBuildConfiguration section */
		B4C57FE720D7386100FB90B9 /* Debug */ = {
			isa = XCBuildConfiguration;
			buildSettings = {
				ALWAYS_SEARCH_USER_PATHS = NO;
				CLANG_ANALYZER_NONNULL = YES;
				CLANG_ANALYZER_NUMBER_OBJECT_CONVERSION = YES_AGGRESSIVE;
				CLANG_CXX_LANGUAGE_STANDARD = "gnu++14";
				CLANG_CXX_LIBRARY = "libc++";
				CLANG_ENABLE_MODULES = YES;
				CLANG_ENABLE_OBJC_ARC = YES;
				CLANG_ENABLE_OBJC_WEAK = YES;
				CLANG_WARN_BLOCK_CAPTURE_AUTORELEASING = YES;
				CLANG_WARN_BOOL_CONVERSION = YES;
				CLANG_WARN_COMMA = YES;
				CLANG_WARN_CONSTANT_CONVERSION = YES;
				CLANG_WARN_DEPRECATED_OBJC_IMPLEMENTATIONS = YES;
				CLANG_WARN_DIRECT_OBJC_ISA_USAGE = YES_ERROR;
				CLANG_WARN_DOCUMENTATION_COMMENTS = YES;
				CLANG_WARN_EMPTY_BODY = YES;
				CLANG_WARN_ENUM_CONVERSION = YES;
				CLANG_WARN_INFINITE_RECURSION = YES;
				CLANG_WARN_INT_CONVERSION = YES;
				CLANG_WARN_NON_LITERAL_NULL_CONVERSION = YES;
				CLANG_WARN_OBJC_IMPLICIT_RETAIN_SELF = YES;
				CLANG_WARN_OBJC_LITERAL_CONVERSION = YES;
				CLANG_WARN_OBJC_ROOT_CLASS = YES_ERROR;
				CLANG_WARN_RANGE_LOOP_ANALYSIS = YES;
				CLANG_WARN_STRICT_PROTOTYPES = YES;
				CLANG_WARN_SUSPICIOUS_MOVE = YES;
				CLANG_WARN_UNGUARDED_AVAILABILITY = YES_AGGRESSIVE;
				CLANG_WARN_UNREACHABLE_CODE = YES;
				CLANG_WARN__DUPLICATE_METHOD_MATCH = YES;
				CODE_SIGN_IDENTITY = "iPhone Developer";
				COPY_PHASE_STRIP = NO;
				DEBUG_INFORMATION_FORMAT = dwarf;
				ENABLE_STRICT_OBJC_MSGSEND = YES;
				ENABLE_TESTABILITY = YES;
				GCC_C_LANGUAGE_STANDARD = gnu11;
				GCC_DYNAMIC_NO_PIC = NO;
				GCC_NO_COMMON_BLOCKS = YES;
				GCC_OPTIMIZATION_LEVEL = 0;
				GCC_PREPROCESSOR_DEFINITIONS = (
					"DEBUG=1",
					"$(inherited)",
				);
				GCC_WARN_64_TO_32_BIT_CONVERSION = YES;
				GCC_WARN_ABOUT_RETURN_TYPE = YES_ERROR;
				GCC_WARN_UNDECLARED_SELECTOR = YES;
				GCC_WARN_UNINITIALIZED_AUTOS = YES_AGGRESSIVE;
				GCC_WARN_UNUSED_FUNCTION = YES;
				GCC_WARN_UNUSED_VARIABLE = YES;
				IPHONEOS_DEPLOYMENT_TARGET = 11.3;
				MTL_ENABLE_DEBUG_INFO = YES;
				ONLY_ACTIVE_ARCH = YES;
				SDKROOT = iphoneos;
				SWIFT_ACTIVE_COMPILATION_CONDITIONS = DEBUG;
				SWIFT_OPTIMIZATION_LEVEL = "-Onone";
			};
			name = Debug;
		};
		B4C57FE820D7386100FB90B9 /* Release */ = {
			isa = XCBuildConfiguration;
			buildSettings = {
				ALWAYS_SEARCH_USER_PATHS = NO;
				CLANG_ANALYZER_NONNULL = YES;
				CLANG_ANALYZER_NUMBER_OBJECT_CONVERSION = YES_AGGRESSIVE;
				CLANG_CXX_LANGUAGE_STANDARD = "gnu++14";
				CLANG_CXX_LIBRARY = "libc++";
				CLANG_ENABLE_MODULES = YES;
				CLANG_ENABLE_OBJC_ARC = YES;
				CLANG_ENABLE_OBJC_WEAK = YES;
				CLANG_WARN_BLOCK_CAPTURE_AUTORELEASING = YES;
				CLANG_WARN_BOOL_CONVERSION = YES;
				CLANG_WARN_COMMA = YES;
				CLANG_WARN_CONSTANT_CONVERSION = YES;
				CLANG_WARN_DEPRECATED_OBJC_IMPLEMENTATIONS = YES;
				CLANG_WARN_DIRECT_OBJC_ISA_USAGE = YES_ERROR;
				CLANG_WARN_DOCUMENTATION_COMMENTS = YES;
				CLANG_WARN_EMPTY_BODY = YES;
				CLANG_WARN_ENUM_CONVERSION = YES;
				CLANG_WARN_INFINITE_RECURSION = YES;
				CLANG_WARN_INT_CONVERSION = YES;
				CLANG_WARN_NON_LITERAL_NULL_CONVERSION = YES;
				CLANG_WARN_OBJC_IMPLICIT_RETAIN_SELF = YES;
				CLANG_WARN_OBJC_LITERAL_CONVERSION = YES;
				CLANG_WARN_OBJC_ROOT_CLASS = YES_ERROR;
				CLANG_WARN_RANGE_LOOP_ANALYSIS = YES;
				CLANG_WARN_STRICT_PROTOTYPES = YES;
				CLANG_WARN_SUSPICIOUS_MOVE = YES;
				CLANG_WARN_UNGUARDED_AVAILABILITY = YES_AGGRESSIVE;
				CLANG_WARN_UNREACHABLE_CODE = YES;
				CLANG_WARN__DUPLICATE_METHOD_MATCH = YES;
				CODE_SIGN_IDENTITY = "iPhone Developer";
				COPY_PHASE_STRIP = NO;
				DEBUG_INFORMATION_FORMAT = "dwarf-with-dsym";
				ENABLE_NS_ASSERTIONS = NO;
				ENABLE_STRICT_OBJC_MSGSEND = YES;
				GCC_C_LANGUAGE_STANDARD = gnu11;
				GCC_NO_COMMON_BLOCKS = YES;
				GCC_WARN_64_TO_32_BIT_CONVERSION = YES;
				GCC_WARN_ABOUT_RETURN_TYPE = YES_ERROR;
				GCC_WARN_UNDECLARED_SELECTOR = YES;
				GCC_WARN_UNINITIALIZED_AUTOS = YES_AGGRESSIVE;
				GCC_WARN_UNUSED_FUNCTION = YES;
				GCC_WARN_UNUSED_VARIABLE = YES;
				IPHONEOS_DEPLOYMENT_TARGET = 11.3;
				MTL_ENABLE_DEBUG_INFO = NO;
				SDKROOT = iphoneos;
				SWIFT_COMPILATION_MODE = wholemodule;
				SWIFT_OPTIMIZATION_LEVEL = "-O";
				VALIDATE_PRODUCT = YES;
			};
			name = Release;
		};
		B4C57FEA20D7386100FB90B9 /* Debug */ = {
			isa = XCBuildConfiguration;
			baseConfigurationReference = 14F6AA964CF0A11635F29999 /* Pods-GameOFChats.debug.xcconfig */;
			buildSettings = {
				ASSETCATALOG_COMPILER_APPICON_NAME = AppIcon;
				CODE_SIGN_STYLE = Automatic;
				DEVELOPMENT_TEAM = 92BBSY6F64;
				INFOPLIST_FILE = GameOFChats/Info.plist;
				LD_RUNPATH_SEARCH_PATHS = (
					"$(inherited)",
					"@executable_path/Frameworks",
				);
				PRODUCT_BUNDLE_IDENTIFIER = com.gameofChats.GameOFChats;
				PRODUCT_NAME = "$(TARGET_NAME)";
				SWIFT_VERSION = 4.0;
				TARGETED_DEVICE_FAMILY = "1,2";
			};
			name = Debug;
		};
		B4C57FEB20D7386100FB90B9 /* Release */ = {
			isa = XCBuildConfiguration;
			baseConfigurationReference = 64DAB237DDD2B6F52A7BFBAF /* Pods-GameOFChats.release.xcconfig */;
			buildSettings = {
				ASSETCATALOG_COMPILER_APPICON_NAME = AppIcon;
				CODE_SIGN_STYLE = Automatic;
				DEVELOPMENT_TEAM = 92BBSY6F64;
				INFOPLIST_FILE = GameOFChats/Info.plist;
				LD_RUNPATH_SEARCH_PATHS = (
					"$(inherited)",
					"@executable_path/Frameworks",
				);
				PRODUCT_BUNDLE_IDENTIFIER = com.gameofChats.GameOFChats;
				PRODUCT_NAME = "$(TARGET_NAME)";
				SWIFT_VERSION = 4.0;
				TARGETED_DEVICE_FAMILY = "1,2";
			};
			name = Release;
		};
/* End XCBuildConfiguration section */

/* Begin XCConfigurationList section */
		B4C57FD220D7386000FB90B9 /* Build configuration list for PBXProject "GameOFChats" */ = {
			isa = XCConfigurationList;
			buildConfigurations = (
				B4C57FE720D7386100FB90B9 /* Debug */,
				B4C57FE820D7386100FB90B9 /* Release */,
			);
			defaultConfigurationIsVisible = 0;
			defaultConfigurationName = Release;
		};
		B4C57FE920D7386100FB90B9 /* Build configuration list for PBXNativeTarget "GameOFChats" */ = {
			isa = XCConfigurationList;
			buildConfigurations = (
				B4C57FEA20D7386100FB90B9 /* Debug */,
				B4C57FEB20D7386100FB90B9 /* Release */,
			);
			defaultConfigurationIsVisible = 0;
			defaultConfigurationName = Release;
		};
/* End XCConfigurationList section */
	};
	rootObject = B4C57FCF20D7386000FB90B9 /* Project object */;
}
